{
  "name": "dev",
  "lockfileVersion": 2,
  "requires": true,
  "packages": {
    "": {
      "dependencies": {
        "web-dev-server": "^3.0.27"
      }
    },
    "node_modules/mime-db": {
      "version": "1.52.0",
      "resolved": "https://registry.npmjs.org/mime-db/-/mime-db-1.52.0.tgz",
      "integrity": "sha512-sPU4uV7dYlvtWJxwwxHD0PuihVNiE7TyAbQ5SWxDCB9mUYvOgroQOwYQQOKPJ8CIbE+1ETVlOoK1UC2nU3gYvg==",
      "engines": {
        "node": ">= 0.6"
      }
    },
    "node_modules/tslib": {
      "version": "2.4.0",
      "resolved": "https://registry.npmjs.org/tslib/-/tslib-2.4.0.tgz",
      "integrity": "sha512-d6xOpEDfsi2CZVlPQzGeux8XMwLT9hssAsaPYExaQMuYskwb+x1x7J371tWlbBdWHroy99KnVB6qIkUbs5X3UQ=="
    },
    "node_modules/web-dev-server": {
      "version": "3.0.27",
      "resolved": "https://registry.npmjs.org/web-dev-server/-/web-dev-server-3.0.27.tgz",
      "integrity": "sha512-fCT9qe/Txp0KugkvbJ4LiFnUgaX6Brvkm+BiDRBX394kyQ5iCOBzFMikMaIUf4A4SczA/Ea3m40J13XGQfeoBw==",
      "dependencies": {
        "mime-db": "^1.52.0",
        "tslib": "^2.3.1"
      }
    }
  },
  "dependencies": {
    "mime-db": {
      "version": "1.52.0",
      "resolved": "https://registry.npmjs.org/mime-db/-/mime-db-1.52.0.tgz",
      "integrity": "sha512-sPU4uV7dYlvtWJxwwxHD0PuihVNiE7TyAbQ5SWxDCB9mUYvOgroQOwYQQOKPJ8CIbE+1ETVlOoK1UC2nU3gYvg=="
    },
    "tslib": {
      "version": "2.4.0",
      "resolved": "https://registry.npmjs.org/tslib/-/tslib-2.4.0.tgz",
      "integrity": "sha512-d6xOpEDfsi2CZVlPQzGeux8XMwLT9hssAsaPYExaQMuYskwb+x1x7J371tWlbBdWHroy99KnVB6qIkUbs5X3UQ=="
    },
    "web-dev-server": {
      "version": "3.0.27",
      "resolved": "https://registry.npmjs.org/web-dev-server/-/web-dev-server-3.0.27.tgz",
      "integrity": "sha512-fCT9qe/Txp0KugkvbJ4LiFnUgaX6Brvkm+BiDRBX394kyQ5iCOBzFMikMaIUf4A4SczA/Ea3m40J13XGQfeoBw==",
      "requires": {
        "mime-db": "^1.52.0",
        "tslib": "^2.3.1"
      }
    }
  }
}
